// !$*UTF8*$!
{
	archiveVersion = 1;
	classes = {
	};
	objectVersion = 50;
	objects = {

/* Begin PBXBuildFile section */
		24AFE80F243D4CF30095316A /* AppDelegate.swift in Sources */ = {isa = PBXBuildFile; fileRef = 24AFE80E243D4CF30095316A /* AppDelegate.swift */; };
		24AFE811243D4CF30095316A /* SceneDelegate.swift in Sources */ = {isa = PBXBuildFile; fileRef = 24AFE810243D4CF30095316A /* SceneDelegate.swift */; };
		24AFE813243D4CF30095316A /* MainTodoListView.swift in Sources */ = {isa = PBXBuildFile; fileRef = 24AFE812243D4CF30095316A /* MainTodoListView.swift */; };
		24AFE815243D4CF50095316A /* Assets.xcassets in Resources */ = {isa = PBXBuildFile; fileRef = 24AFE814243D4CF50095316A /* Assets.xcassets */; };
		24AFE818243D4CF50095316A /* Preview Assets.xcassets in Resources */ = {isa = PBXBuildFile; fileRef = 24AFE817243D4CF50095316A /* Preview Assets.xcassets */; };
		24AFE81B243D4CF50095316A /* LaunchScreen.storyboard in Resources */ = {isa = PBXBuildFile; fileRef = 24AFE819243D4CF50095316A /* LaunchScreen.storyboard */; };
		24AFE825244561700095316A /* LEMONMILK-Regular.otf in Resources */ = {isa = PBXBuildFile; fileRef = 24AFE824244561700095316A /* LEMONMILK-Regular.otf */; };
		24AFE827244562540095316A /* AnotherDanger-Slanted.otf in Resources */ = {isa = PBXBuildFile; fileRef = 24AFE826244562540095316A /* AnotherDanger-Slanted.otf */; };
		24AFE8292445639E0095316A /* cubic.ttf in Resources */ = {isa = PBXBuildFile; fileRef = 24AFE8282445639E0095316A /* cubic.ttf */; };
		24AFE82B244564F60095316A /* Minecraft-Regular.otf in Resources */ = {isa = PBXBuildFile; fileRef = 24AFE82A244564F60095316A /* Minecraft-Regular.otf */; };
		24AFE82D244566F60095316A /* Minecrafter-Alt.ttf in Resources */ = {isa = PBXBuildFile; fileRef = 24AFE82C244566F60095316A /* Minecrafter-Alt.ttf */; };
		24AFE82F244568150095316A /* blocked.ttf in Resources */ = {isa = PBXBuildFile; fileRef = 24AFE82E244568150095316A /* blocked.ttf */; };
		24AFE833244670140095316A /* IndexedCollection.swift in Sources */ = {isa = PBXBuildFile; fileRef = 24AFE832244670140095316A /* IndexedCollection.swift */; };
		24AFE8352446701F0095316A /* Binding.swift in Sources */ = {isa = PBXBuildFile; fileRef = 24AFE8342446701F0095316A /* Binding.swift */; };
		24AFE837244670290095316A /* ForEach.swift in Sources */ = {isa = PBXBuildFile; fileRef = 24AFE836244670290095316A /* ForEach.swift */; };
		24AFE8392448DFBC0095316A /* ItemCellView.swift in Sources */ = {isa = PBXBuildFile; fileRef = 24AFE8382448DFBC0095316A /* ItemCellView.swift */; };
		24AFE83B2448E0350095316A /* TodoListItem.swift in Sources */ = {isa = PBXBuildFile; fileRef = 24AFE83A2448E0350095316A /* TodoListItem.swift */; };
		24AFE83D2448E0630095316A /* TodoList.swift in Sources */ = {isa = PBXBuildFile; fileRef = 24AFE83C2448E0630095316A /* TodoList.swift */; };
/* End PBXBuildFile section */

/* Begin PBXFileReference section */
		24AFE80B243D4CF30095316A /* Checklist_Rebuild.app */ = {isa = PBXFileReference; explicitFileType = wrapper.application; includeInIndex = 0; path = Checklist_Rebuild.app; sourceTree = BUILT_PRODUCTS_DIR; };
		24AFE80E243D4CF30095316A /* AppDelegate.swift */ = {isa = PBXFileReference; lastKnownFileType = sourcecode.swift; path = AppDelegate.swift; sourceTree = "<group>"; };
		24AFE810243D4CF30095316A /* SceneDelegate.swift */ = {isa = PBXFileReference; lastKnownFileType = sourcecode.swift; path = SceneDelegate.swift; sourceTree = "<group>"; };
		24AFE812243D4CF30095316A /* MainTodoListView.swift */ = {isa = PBXFileReference; lastKnownFileType = sourcecode.swift; path = MainTodoListView.swift; sourceTree = "<group>"; };
		24AFE814243D4CF50095316A /* Assets.xcassets */ = {isa = PBXFileReference; lastKnownFileType = folder.assetcatalog; path = Assets.xcassets; sourceTree = "<group>"; };
		24AFE817243D4CF50095316A /* Preview Assets.xcassets */ = {isa = PBXFileReference; lastKnownFileType = folder.assetcatalog; path = "Preview Assets.xcassets"; sourceTree = "<group>"; };
		24AFE81A243D4CF50095316A /* Base */ = {isa = PBXFileReference; lastKnownFileType = file.storyboard; name = Base; path = Base.lproj/LaunchScreen.storyboard; sourceTree = "<group>"; };
		24AFE81C243D4CF50095316A /* Info.plist */ = {isa = PBXFileReference; lastKnownFileType = text.plist.xml; path = Info.plist; sourceTree = "<group>"; };
		24AFE824244561700095316A /* LEMONMILK-Regular.otf */ = {isa = PBXFileReference; lastKnownFileType = file; path = "LEMONMILK-Regular.otf"; sourceTree = "<group>"; };
		24AFE826244562540095316A /* AnotherDanger-Slanted.otf */ = {isa = PBXFileReference; lastKnownFileType = file; path = "AnotherDanger-Slanted.otf"; sourceTree = "<group>"; };
		24AFE8282445639E0095316A /* cubic.ttf */ = {isa = PBXFileReference; lastKnownFileType = file; path = cubic.ttf; sourceTree = "<group>"; };
		24AFE82A244564F60095316A /* Minecraft-Regular.otf */ = {isa = PBXFileReference; lastKnownFileType = file; path = "Minecraft-Regular.otf"; sourceTree = "<group>"; };
		24AFE82C244566F60095316A /* Minecrafter-Alt.ttf */ = {isa = PBXFileReference; lastKnownFileType = file; path = "Minecrafter-Alt.ttf"; sourceTree = "<group>"; };
		24AFE82E244568150095316A /* blocked.ttf */ = {isa = PBXFileReference; lastKnownFileType = file; path = blocked.ttf; sourceTree = "<group>"; };
		24AFE832244670140095316A /* IndexedCollection.swift */ = {isa = PBXFileReference; lastKnownFileType = sourcecode.swift; path = IndexedCollection.swift; sourceTree = "<group>"; };
		24AFE8342446701F0095316A /* Binding.swift */ = {isa = PBXFileReference; lastKnownFileType = sourcecode.swift; path = Binding.swift; sourceTree = "<group>"; };
		24AFE836244670290095316A /* ForEach.swift */ = {isa = PBXFileReference; lastKnownFileType = sourcecode.swift; path = ForEach.swift; sourceTree = "<group>"; };
		24AFE8382448DFBC0095316A /* ItemCellView.swift */ = {isa = PBXFileReference; lastKnownFileType = sourcecode.swift; path = ItemCellView.swift; sourceTree = "<group>"; };
		24AFE83A2448E0350095316A /* TodoListItem.swift */ = {isa = PBXFileReference; lastKnownFileType = sourcecode.swift; path = TodoListItem.swift; sourceTree = "<group>"; };
		24AFE83C2448E0630095316A /* TodoList.swift */ = {isa = PBXFileReference; lastKnownFileType = sourcecode.swift; path = TodoList.swift; sourceTree = "<group>"; };
/* End PBXFileReference section */

/* Begin PBXFrameworksBuildPhase section */
		24AFE808243D4CF30095316A /* Frameworks */ = {
			isa = PBXFrameworksBuildPhase;
			buildActionMask = 2147483647;
			files = (
			);
			runOnlyForDeploymentPostprocessing = 0;
		};
/* End PBXFrameworksBuildPhase section */

/* Begin PBXGroup section */
		24AFE802243D4CF30095316A = {
			isa = PBXGroup;
			children = (
				24AFE80D243D4CF30095316A /* Checklist_Rebuild */,
				24AFE80C243D4CF30095316A /* Products */,
			);
			sourceTree = "<group>";
		};
		24AFE80C243D4CF30095316A /* Products */ = {
			isa = PBXGroup;
			children = (
				24AFE80B243D4CF30095316A /* Checklist_Rebuild.app */,
			);
			name = Products;
			sourceTree = "<group>";
		};
		24AFE80D243D4CF30095316A /* Checklist_Rebuild */ = {
			isa = PBXGroup;
			children = (
				24AFE80E243D4CF30095316A /* AppDelegate.swift */,
				24AFE810243D4CF30095316A /* SceneDelegate.swift */,
				24AFE812243D4CF30095316A /* MainTodoListView.swift */,
				24AFE83C2448E0630095316A /* TodoList.swift */,
				24AFE83A2448E0350095316A /* TodoListItem.swift */,
				24AFE8382448DFBC0095316A /* ItemCellView.swift */,
				24AFE814243D4CF50095316A /* Assets.xcassets */,
				24AFE819243D4CF50095316A /* LaunchScreen.storyboard */,
				24AFE81C243D4CF50095316A /* Info.plist */,
				24AFE83124466FF80095316A /* Extensions */,
				24AFE83024465BA40095316A /* Fonts */,
				24AFE816243D4CF50095316A /* Preview Content */,
			);
			path = Checklist_Rebuild;
			sourceTree = "<group>";
		};
		24AFE816243D4CF50095316A /* Preview Content */ = {
			isa = PBXGroup;
			children = (
				24AFE817243D4CF50095316A /* Preview Assets.xcassets */,
			);
			path = "Preview Content";
			sourceTree = "<group>";
		};
		24AFE83024465BA40095316A /* Fonts */ = {
			isa = PBXGroup;
			children = (
				24AFE82C244566F60095316A /* Minecrafter-Alt.ttf */,
				24AFE8282445639E0095316A /* cubic.ttf */,
				24AFE82E244568150095316A /* blocked.ttf */,
				24AFE824244561700095316A /* LEMONMILK-Regular.otf */,
				24AFE82A244564F60095316A /* Minecraft-Regular.otf */,
				24AFE826244562540095316A /* AnotherDanger-Slanted.otf */,
			);
			path = Fonts;
			sourceTree = "<group>";
		};
		24AFE83124466FF80095316A /* Extensions */ = {
			isa = PBXGroup;
			children = (
				24AFE832244670140095316A /* IndexedCollection.swift */,
				24AFE8342446701F0095316A /* Binding.swift */,
				24AFE836244670290095316A /* ForEach.swift */,
			);
			path = Extensions;
			sourceTree = "<group>";
		};
/* End PBXGroup section */

/* Begin PBXNativeTarget section */
		24AFE80A243D4CF30095316A /* Checklist_Rebuild */ = {
			isa = PBXNativeTarget;
			buildConfigurationList = 24AFE81F243D4CF50095316A /* Build configuration list for PBXNativeTarget "Checklist_Rebuild" */;
			buildPhases = (
				24AFE807243D4CF30095316A /* Sources */,
				24AFE808243D4CF30095316A /* Frameworks */,
				24AFE809243D4CF30095316A /* Resources */,
			);
			buildRules = (
			);
			dependencies = (
			);
			name = Checklist_Rebuild;
			productName = Checklist_Rebuild;
			productReference = 24AFE80B243D4CF30095316A /* Checklist_Rebuild.app */;
			productType = "com.apple.product-type.application";
		};
/* End PBXNativeTarget section */

/* Begin PBXProject section */
		24AFE803243D4CF30095316A /* Project object */ = {
			isa = PBXProject;
			attributes = {
				LastSwiftUpdateCheck = 1130;
				LastUpgradeCheck = 1130;
				ORGANIZATIONNAME = "Team Cowdog";
				TargetAttributes = {
					24AFE80A243D4CF30095316A = {
						CreatedOnToolsVersion = 11.3.1;
					};
				};
			};
			buildConfigurationList = 24AFE806243D4CF30095316A /* Build configuration list for PBXProject "Checklist_Rebuild" */;
			compatibilityVersion = "Xcode 9.3";
			developmentRegion = en;
			hasScannedForEncodings = 0;
			knownRegions = (
				en,
				Base,
			);
			mainGroup = 24AFE802243D4CF30095316A;
			productRefGroup = 24AFE80C243D4CF30095316A /* Products */;
			projectDirPath = "";
			projectRoot = "";
			targets = (
				24AFE80A243D4CF30095316A /* Checklist_Rebuild */,
			);
		};
/* End PBXProject section */

/* Begin PBXResourcesBuildPhase section */
		24AFE809243D4CF30095316A /* Resources */ = {
			isa = PBXResourcesBuildPhase;
			buildActionMask = 2147483647;
			files = (
				24AFE81B243D4CF50095316A /* LaunchScreen.storyboard in Resources */,
				24AFE827244562540095316A /* AnotherDanger-Slanted.otf in Resources */,
				24AFE818243D4CF50095316A /* Preview Assets.xcassets in Resources */,
				24AFE82F244568150095316A /* blocked.ttf in Resources */,
				24AFE82B244564F60095316A /* Minecraft-Regular.otf in Resources */,
				24AFE8292445639E0095316A /* cubic.ttf in Resources */,
				24AFE815243D4CF50095316A /* Assets.xcassets in Resources */,
				24AFE82D244566F60095316A /* Minecrafter-Alt.ttf in Resources */,
				24AFE825244561700095316A /* LEMONMILK-Regular.otf in Resources */,
			);
			runOnlyForDeploymentPostprocessing = 0;
		};
/* End PBXResourcesBuildPhase section */

/* Begin PBXSourcesBuildPhase section */
		24AFE807243D4CF30095316A /* Sources */ = {
			isa = PBXSourcesBuildPhase;
			buildActionMask = 2147483647;
			files = (
				24AFE83D2448E0630095316A /* TodoList.swift in Sources */,
				24AFE80F243D4CF30095316A /* AppDelegate.swift in Sources */,
				24AFE8352446701F0095316A /* Binding.swift in Sources */,
				24AFE833244670140095316A /* IndexedCollection.swift in Sources */,
				24AFE811243D4CF30095316A /* SceneDelegate.swift in Sources */,
				24AFE813243D4CF30095316A /* MainTodoListView.swift in Sources */,
				24AFE837244670290095316A /* ForEach.swift in Sources */,
				24AFE83B2448E0350095316A /* TodoListItem.swift in Sources */,
				24AFE8392448DFBC0095316A /* ItemCellView.swift in Sources */,
			);
			runOnlyForDeploymentPostprocessing = 0;
		};
/* End PBXSourcesBuildPhase section */

/* Begin PBXVariantGroup section */
		24AFE819243D4CF50095316A /* LaunchScreen.storyboard */ = {
			isa = PBXVariantGroup;
			children = (
				24AFE81A243D4CF50095316A /* Base */,
			);
			name = LaunchScreen.storyboard;
			sourceTree = "<group>";
		};
/* End PBXVariantGroup section */

/* Begin XCBuildConfiguration section */
		24AFE81D243D4CF50095316A /* Debug */ = {
			isa = XCBuildConfiguration;
			buildSettings = {
				ALWAYS_SEARCH_USER_PATHS = NO;
				CLANG_ANALYZER_NONNULL = YES;
				CLANG_ANALYZER_NUMBER_OBJECT_CONVERSION = YES_AGGRESSIVE;
				CLANG_CXX_LANGUAGE_STANDARD = "gnu++14";
				CLANG_CXX_LIBRARY = "libc++";
				CLANG_ENABLE_MODULES = YES;
				CLANG_ENABLE_OBJC_ARC = YES;
				CLANG_ENABLE_OBJC_WEAK = YES;
				CLANG_WARN_BLOCK_CAPTURE_AUTORELEASING = YES;
				CLANG_WARN_BOOL_CONVERSION = YES;
				CLANG_WARN_COMMA = YES;
				CLANG_WARN_CONSTANT_CONVERSION = YES;
				CLANG_WARN_DEPRECATED_OBJC_IMPLEMENTATIONS = YES;
				CLANG_WARN_DIRECT_OBJC_ISA_USAGE = YES_ERROR;
				CLANG_WARN_DOCUMENTATION_COMMENTS = YES;
				CLANG_WARN_EMPTY_BODY = YES;
				CLANG_WARN_ENUM_CONVERSION = YES;
				CLANG_WARN_INFINITE_RECURSION = YES;
				CLANG_WARN_INT_CONVERSION = YES;
				CLANG_WARN_NON_LITERAL_NULL_CONVERSION = YES;
				CLANG_WARN_OBJC_IMPLICIT_RETAIN_SELF = YES;
				CLANG_WARN_OBJC_LITERAL_CONVERSION = YES;
				CLANG_WARN_OBJC_ROOT_CLASS = YES_ERROR;
				CLANG_WARN_RANGE_LOOP_ANALYSIS = YES;
				CLANG_WARN_STRICT_PROTOTYPES = YES;
				CLANG_WARN_SUSPICIOUS_MOVE = YES;
				CLANG_WARN_UNGUARDED_AVAILABILITY = YES_AGGRESSIVE;
				CLANG_WARN_UNREACHABLE_CODE = YES;
				CLANG_WARN__DUPLICATE_METHOD_MATCH = YES;
				COPY_PHASE_STRIP = NO;
				DEBUG_INFORMATION_FORMAT = dwarf;
				ENABLE_STRICT_OBJC_MSGSEND = YES;
				ENABLE_TESTABILITY = YES;
				GCC_C_LANGUAGE_STANDARD = gnu11;
				GCC_DYNAMIC_NO_PIC = NO;
				GCC_NO_COMMON_BLOCKS = YES;
				GCC_OPTIMIZATION_LEVEL = 0;
				GCC_PREPROCESSOR_DEFINITIONS = (
					"DEBUG=1",
					"$(inherited)",
				);
				GCC_WARN_64_TO_32_BIT_CONVERSION = YES;
				GCC_WARN_ABOUT_RETURN_TYPE = YES_ERROR;
				GCC_WARN_UNDECLARED_SELECTOR = YES;
				GCC_WARN_UNINITIALIZED_AUTOS = YES_AGGRESSIVE;
				GCC_WARN_UNUSED_FUNCTION = YES;
				GCC_WARN_UNUSED_VARIABLE = YES;
				IPHONEOS_DEPLOYMENT_TARGET = 13.2;
				MTL_ENABLE_DEBUG_INFO = INCLUDE_SOURCE;
				MTL_FAST_MATH = YES;
				ONLY_ACTIVE_ARCH = YES;
				SDKROOT = iphoneos;
				SWIFT_ACTIVE_COMPILATION_CONDITIONS = DEBUG;
				SWIFT_OPTIMIZATION_LEVEL = "-Onone";
			};
			name = Debug;
		};
		24AFE81E243D4CF50095316A /* Release */ = {
			isa = XCBuildConfiguration;
			buildSettings = {
				ALWAYS_SEARCH_USER_PATHS = NO;
				CLANG_ANALYZER_NONNULL = YES;
				CLANG_ANALYZER_NUMBER_OBJECT_CONVERSION = YES_AGGRESSIVE;
				CLANG_CXX_LANGUAGE_STANDARD = "gnu++14";
				CLANG_CXX_LIBRARY = "libc++";
				CLANG_ENABLE_MODULES = YES;
				CLANG_ENABLE_OBJC_ARC = YES;
				CLANG_ENABLE_OBJC_WEAK = YES;
				CLANG_WARN_BLOCK_CAPTURE_AUTORELEASING = YES;
				CLANG_WARN_BOOL_CONVERSION = YES;
				CLANG_WARN_COMMA = YES;
				CLANG_WARN_CONSTANT_CONVERSION = YES;
				CLANG_WARN_DEPRECATED_OBJC_IMPLEMENTATIONS = YES;
				CLANG_WARN_DIRECT_OBJC_ISA_USAGE = YES_ERROR;
				CLANG_WARN_DOCUMENTATION_COMMENTS = YES;
				CLANG_WARN_EMPTY_BODY = YES;
				CLANG_WARN_ENUM_CONVERSION = YES;
				CLANG_WARN_INFINITE_RECURSION = YES;
				CLANG_WARN_INT_CONVERSION = YES;
				CLANG_WARN_NON_LITERAL_NULL_CONVERSION = YES;
				CLANG_WARN_OBJC_IMPLICIT_RETAIN_SELF = YES;
				CLANG_WARN_OBJC_LITERAL_CONVERSION = YES;
				CLANG_WARN_OBJC_ROOT_CLASS = YES_ERROR;
				CLANG_WARN_RANGE_LOOP_ANALYSIS = YES;
				CLANG_WARN_STRICT_PROTOTYPES = YES;
				CLANG_WARN_SUSPICIOUS_MOVE = YES;
				CLANG_WARN_UNGUARDED_AVAILABILITY = YES_AGGRESSIVE;
				CLANG_WARN_UNREACHABLE_CODE = YES;
				CLANG_WARN__DUPLICATE_METHOD_MATCH = YES;
				COPY_PHASE_STRIP = NO;
				DEBUG_INFORMATION_FORMAT = "dwarf-with-dsym";
				ENABLE_NS_ASSERTIONS = NO;
				ENABLE_STRICT_OBJC_MSGSEND = YES;
				GCC_C_LANGUAGE_STANDARD = gnu11;
				GCC_NO_COMMON_BLOCKS = YES;
				GCC_WARN_64_TO_32_BIT_CONVERSION = YES;
				GCC_WARN_ABOUT_RETURN_TYPE = YES_ERROR;
				GCC_WARN_UNDECLARED_SELECTOR = YES;
				GCC_WARN_UNINITIALIZED_AUTOS = YES_AGGRESSIVE;
				GCC_WARN_UNUSED_FUNCTION = YES;
				GCC_WARN_UNUSED_VARIABLE = YES;
				IPHONEOS_DEPLOYMENT_TARGET = 13.2;
				MTL_ENABLE_DEBUG_INFO = NO;
				MTL_FAST_MATH = YES;
				SDKROOT = iphoneos;
				SWIFT_COMPILATION_MODE = wholemodule;
				SWIFT_OPTIMIZATION_LEVEL = "-O";
				VALIDATE_PRODUCT = YES;
			};
			name = Release;
		};
		24AFE820243D4CF50095316A /* Debug */ = {
			isa = XCBuildConfiguration;
			buildSettings = {
				ASSETCATALOG_COMPILER_APPICON_NAME = AppIcon;
				CODE_SIGN_STYLE = Automatic;
				DEVELOPMENT_ASSET_PATHS = "\"Checklist_Rebuild/Preview Content\"";
				DEVELOPMENT_TEAM = 8FWTKQVFLS;
				ENABLE_PREVIEWS = YES;
				INFOPLIST_FILE = Checklist_Rebuild/Info.plist;
				LD_RUNPATH_SEARCH_PATHS = (
					"$(inherited)",
					"@executable_path/Frameworks",
				);
				PRODUCT_BUNDLE_IDENTIFIER = "com.teamcowdog.Checklist-Rebuild";
				PRODUCT_NAME = "$(TARGET_NAME)";
				SWIFT_VERSION = 5.0;
				TARGETED_DEVICE_FAMILY = "1,2";
			};
			name = Debug;
		};
		24AFE821243D4CF50095316A /* Release */ = {
			isa = XCBuildConfiguration;
			buildSettings = {
				ASSETCATALOG_COMPILER_APPICON_NAME = AppIcon;
				CODE_SIGN_STYLE = Automatic;
				DEVELOPMENT_ASSET_PATHS = "\"Checklist_Rebuild/Preview Content\"";
				DEVELOPMENT_TEAM = 8FWTKQVFLS;
				ENABLE_PREVIEWS = YES;
				INFOPLIST_FILE = Checklist_Rebuild/Info.plist;
				LD_RUNPATH_SEARCH_PATHS = (
					"$(inherited)",
					"@executable_path/Frameworks",
				);
				PRODUCT_BUNDLE_IDENTIFIER = "com.teamcowdog.Checklist-Rebuild";
				PRODUCT_NAME = "$(TARGET_NAME)";
				SWIFT_VERSION = 5.0;
				TARGETED_DEVICE_FAMILY = "1,2";
			};
			name = Release;
		};
/* End XCBuildConfiguration section */

/* Begin XCConfigurationList section */
		24AFE806243D4CF30095316A /* Build configuration list for PBXProject "Checklist_Rebuild" */ = {
			isa = XCConfigurationList;
			buildConfigurations = (
				24AFE81D243D4CF50095316A /* Debug */,
				24AFE81E243D4CF50095316A /* Release */,
			);
			defaultConfigurationIsVisible = 0;
			defaultConfigurationName = Release;
		};
		24AFE81F243D4CF50095316A /* Build configuration list for PBXNativeTarget "Checklist_Rebuild" */ = {
			isa = XCConfigurationList;
			buildConfigurations = (
				24AFE820243D4CF50095316A /* Debug */,
				24AFE821243D4CF50095316A /* Release */,
			);
			defaultConfigurationIsVisible = 0;
			defaultConfigurationName = Release;
		};
/* End XCConfigurationList section */
	};
	rootObject = 24AFE803243D4CF30095316A /* Project object */;
}
